
Microsoft Visual Studio Solution File, Format Version 12.00
# Visual Studio 15
VisualStudioVersion = 15.0.26730.8
MinimumVisualStudioVersion = 10.0.40219.1
Project("{FAE04EC0-301F-11D3-BF4B-00C04F79EFBC}") = "Total War Mod Manager", "Total War Mod Manager\Total War Mod Manager.csproj", "{83534878-EC85-4998-A44E-E3E9B425F1FC}"
EndProject
Project("{FAE04EC0-301F-11D3-BF4B-00C04F79EFBC}") = "launcher", "launcher\launcher.csproj", "{98603F9A-706C-4042-8572-51A6FAA7A951}"
EndProject
Global
	GlobalSection(SolutionConfigurationPlatforms) = preSolution
		Debug|Any CPU = Debug|Any CPU
		Debug|x86 = Debug|x86
		Release|Any CPU = Release|Any CPU
		Release|x86 = Release|x86
	EndGlobalSection
	GlobalSection(ProjectConfigurationPlatforms) = postSolution
		{83534878-EC85-4998-A44E-E3E9B425F1FC}.Debug|Any CPU.ActiveCfg = Debug|Any CPU
		{83534878-EC85-4998-A44E-E3E9B425F1FC}.Debug|Any CPU.Build.0 = Debug|Any CPU
		{83534878-EC85-4998-A44E-E3E9B425F1FC}.Debug|x86.ActiveCfg = Debug|x86
		{83534878-EC85-4998-A44E-E3E9B425F1FC}.Debug|x86.Build.0 = Debug|x86
		{83534878-EC85-4998-A44E-E3E9B425F1FC}.Release|Any CPU.ActiveCfg = Release|Any CPU
		{83534878-EC85-4998-A44E-E3E9B425F1FC}.Release|Any CPU.Build.0 = Release|Any CPU
		{83534878-EC85-4998-A44E-E3E9B425F1FC}.Release|x86.ActiveCfg = Release|Any CPU
		{83534878-EC85-4998-A44E-E3E9B425F1FC}.Release|x86.Build.0 = Release|Any CPU
		{98603F9A-706C-4042-8572-51A6FAA7A951}.Debug|Any CPU.ActiveCfg = Debug|Any CPU
		{98603F9A-706C-4042-8572-51A6FAA7A951}.Debug|Any CPU.Build.0 = Debug|Any CPU
		{98603F9A-706C-4042-8572-51A6FAA7A951}.Debug|x86.ActiveCfg = Debug|x86
		{98603F9A-706C-4042-8572-51A6FAA7A951}.Debug|x86.Build.0 = Debug|x86
		{98603F9A-706C-4042-8572-51A6FAA7A951}.Release|Any CPU.ActiveCfg = Release|Any CPU
		{98603F9A-706C-4042-8572-51A6FAA7A951}.Release|Any CPU.Build.0 = Release|Any CPU
		{98603F9A-706C-4042-8572-51A6FAA7A951}.Release|x86.ActiveCfg = Release|Any CPU
		{98603F9A-706C-4042-8572-51A6FAA7A951}.Release|x86.Build.0 = Release|Any CPU
	EndGlobalSection
	GlobalSection(SolutionProperties) = preSolution
		HideSolutionNode = FALSE
	EndGlobalSection
	GlobalSection(ExtensibilityGlobals) = postSolution
		SolutionGuid = {817A2FB0-6172-48C1-8BA0-6336C0D9B6DC}
	EndGlobalSection
EndGlobal
